PODS:
  - audioplayers_darwin (0.0.1):
    - FlutterMacOS
  - FlutterMacOS (1.0.0)
  - package_info_plus (0.0.1):
    - FlutterMacOS
  - path_provider_foundation (0.0.1):
    - Flutter
    - FlutterMacOS
  - share_plus (0.0.1):
    - FlutterMacOS
  - shared_preferences_foundation (0.0.1):
    - Flutter
    - FlutterMacOS
  - smart_auth (0.0.1):
    - FlutterMacOS
  - sqflite (0.0.3):
    - Flutter
    - FlutterMacOS
  - url_launcher_macos (0.0.1):
    - FlutterMacOS
  - wakelock_plus (0.0.1):
    - FlutterMacOS
  - "zego_express_engine (3.14.5+2)":
    - FlutterMacOS
  - zego_zim (2.15.0):
    - FlutterMacOS
    - ZIM_macOS-Private (= 2.15.2.2616)
  - ZIM_macOS-Private (2.15.2.2616)

DEPENDENCIES:
  - audioplayers_darwin (from `Flutter/ephemeral/.symlinks/plugins/audioplayers_darwin/macos`)
  - FlutterMacOS (from `Flutter/ephemeral`)
  - package_info_plus (from `Flutter/ephemeral/.symlinks/plugins/package_info_plus/macos`)
  - path_provider_foundation (from `Flutter/ephemeral/.symlinks/plugins/path_provider_foundation/darwin`)
  - share_plus (from `Flutter/ephemeral/.symlinks/plugins/share_plus/macos`)
  - shared_preferences_foundation (from `Flutter/ephemeral/.symlinks/plugins/shared_preferences_foundation/darwin`)
  - smart_auth (from `Flutter/ephemeral/.symlinks/plugins/smart_auth/macos`)
  - sqflite (from `Flutter/ephemeral/.symlinks/plugins/sqflite/darwin`)
  - url_launcher_macos (from `Flutter/ephemeral/.symlinks/plugins/url_launcher_macos/macos`)
  - wakelock_plus (from `Flutter/ephemeral/.symlinks/plugins/wakelock_plus/macos`)
  - zego_express_engine (from `Flutter/ephemeral/.symlinks/plugins/zego_express_engine/macos`)
  - zego_zim (from `Flutter/ephemeral/.symlinks/plugins/zego_zim/macos`)

SPEC REPOS:
  trunk:
    - ZIM_macOS-Private

EXTERNAL SOURCES:
  audioplayers_darwin:
    :path: Flutter/ephemeral/.symlinks/plugins/audioplayers_darwin/macos
  FlutterMacOS:
    :path: Flutter/ephemeral
  package_info_plus:
    :path: Flutter/ephemeral/.symlinks/plugins/package_info_plus/macos
  path_provider_foundation:
    :path: Flutter/ephemeral/.symlinks/plugins/path_provider_foundation/darwin
  share_plus:
    :path: Flutter/ephemeral/.symlinks/plugins/share_plus/macos
  shared_preferences_foundation:
    :path: Flutter/ephemeral/.symlinks/plugins/shared_preferences_foundation/darwin
  smart_auth:
    :path: Flutter/ephemeral/.symlinks/plugins/smart_auth/macos
  sqflite:
    :path: Flutter/ephemeral/.symlinks/plugins/sqflite/darwin
  url_launcher_macos:
    :path: Flutter/ephemeral/.symlinks/plugins/url_launcher_macos/macos
  wakelock_plus:
    :path: Flutter/ephemeral/.symlinks/plugins/wakelock_plus/macos
  zego_express_engine:
    :path: Flutter/ephemeral/.symlinks/plugins/zego_express_engine/macos
  zego_zim:
    :path: Flutter/ephemeral/.symlinks/plugins/zego_zim/macos

SPEC CHECKSUMS:
  audioplayers_darwin: dcad41de4fbd0099cb3749f7ab3b0cb8f70b810c
  FlutterMacOS: 8f6f14fa908a6fb3fba0cd85dbd81ec4b251fb24
  package_info_plus: fa739dd842b393193c5ca93c26798dff6e3d0e0c
  path_provider_foundation: 2b6b4c569c0fb62ec74538f866245ac84301af46
  share_plus: 36537c04ce0c3e3f5bd297ce4318b6d5ee5fd6cf
  shared_preferences_foundation: fcdcbc04712aee1108ac7fda236f363274528f78
  smart_auth: b38e3ab4bfe089eacb1e233aca1a2340f96c28e9
  sqflite: 673a0e54cc04b7d6dba8d24fb8095b31c3a99eec
  url_launcher_macos: 5f437abeda8c85500ceb03f5c1938a8c5a705399
  wakelock_plus: 4783562c9a43d209c458cb9b30692134af456269
  zego_express_engine: 3f1012a57f9f8b68455337c16a3a4395c04a2bb8
  zego_zim: 44a013949c52dee9dd0996269ba4a7a324799812
  ZIM_macOS-Private: d752ea1a2f3f70a17f8f5a2cb6ccdfa5b89828d1

PODFILE CHECKSUM: 236401fc2c932af29a9fcf0e97baeeb2d750d367

COCOAPODS: 1.15.2
